// !$*UTF8*$!
{
	archiveVersion = 1;
	classes = {
	};
	objectVersion = 50;
	objects = {

/* Begin PBXBuildFile section */
		EF927715251D3AC6009484B7 /* AppDelegate.swift in Sources */ = {isa = PBXBuildFile; fileRef = EF927714251D3AC6009484B7 /* AppDelegate.swift */; };
		EF927717251D3AC6009484B7 /* SceneDelegate.swift in Sources */ = {isa = PBXBuildFile; fileRef = EF927716251D3AC6009484B7 /* SceneDelegate.swift */; };
		EF927719251D3AC6009484B7 /* ViewController.swift in Sources */ = {isa = PBXBuildFile; fileRef = EF927718251D3AC6009484B7 /* ViewController.swift */; };
		EF92771C251D3AC6009484B7 /* Main.storyboard in Resources */ = {isa = PBXBuildFile; fileRef = EF92771A251D3AC6009484B7 /* Main.storyboard */; };
		EF92771E251D3AC7009484B7 /* Assets.xcassets in Resources */ = {isa = PBXBuildFile; fileRef = EF92771D251D3AC7009484B7 /* Assets.xcassets */; };
		EF927721251D3AC7009484B7 /* LaunchScreen.storyboard in Resources */ = {isa = PBXBuildFile; fileRef = EF92771F251D3AC7009484B7 /* LaunchScreen.storyboard */; };
		EF92772C251D3AC7009484B7 /* Udder2Tests.swift in Sources */ = {isa = PBXBuildFile; fileRef = EF92772B251D3AC7009484B7 /* Udder2Tests.swift */; };
		EF927737251D3AC7009484B7 /* Udder2UITests.swift in Sources */ = {isa = PBXBuildFile; fileRef = EF927736251D3AC7009484B7 /* Udder2UITests.swift */; };
/* End PBXBuildFile section */

/* Begin PBXContainerItemProxy section */
		EF927728251D3AC7009484B7 /* PBXContainerItemProxy */ = {
			isa = PBXContainerItemProxy;
			containerPortal = EF927709251D3AC6009484B7 /* Project object */;
			proxyType = 1;
			remoteGlobalIDString = EF927710251D3AC6009484B7;
			remoteInfo = Udder2;
		};
		EF927733251D3AC7009484B7 /* PBXContainerItemProxy */ = {
			isa = PBXContainerItemProxy;
			containerPortal = EF927709251D3AC6009484B7 /* Project object */;
			proxyType = 1;
			remoteGlobalIDString = EF927710251D3AC6009484B7;
			remoteInfo = Udder2;
		};
/* End PBXContainerItemProxy section */

/* Begin PBXFileReference section */
		EF927711251D3AC6009484B7 /* Udder2.app */ = {isa = PBXFileReference; explicitFileType = wrapper.application; includeInIndex = 0; path = Udder2.app; sourceTree = BUILT_PRODUCTS_DIR; };
		EF927714251D3AC6009484B7 /* AppDelegate.swift */ = {isa = PBXFileReference; lastKnownFileType = sourcecode.swift; path = AppDelegate.swift; sourceTree = "<group>"; };
		EF927716251D3AC6009484B7 /* SceneDelegate.swift */ = {isa = PBXFileReference; lastKnownFileType = sourcecode.swift; path = SceneDelegate.swift; sourceTree = "<group>"; };
		EF927718251D3AC6009484B7 /* ViewController.swift */ = {isa = PBXFileReference; lastKnownFileType = sourcecode.swift; path = ViewController.swift; sourceTree = "<group>"; };
		EF92771B251D3AC6009484B7 /* Base */ = {isa = PBXFileReference; lastKnownFileType = file.storyboard; name = Base; path = Base.lproj/Main.storyboard; sourceTree = "<group>"; };
		EF92771D251D3AC7009484B7 /* Assets.xcassets */ = {isa = PBXFileReference; lastKnownFileType = folder.assetcatalog; path = Assets.xcassets; sourceTree = "<group>"; };
		EF927720251D3AC7009484B7 /* Base */ = {isa = PBXFileReference; lastKnownFileType = file.storyboard; name = Base; path = Base.lproj/LaunchScreen.storyboard; sourceTree = "<group>"; };
		EF927722251D3AC7009484B7 /* Info.plist */ = {isa = PBXFileReference; lastKnownFileType = text.plist.xml; path = Info.plist; sourceTree = "<group>"; };
		EF927727251D3AC7009484B7 /* Udder2Tests.xctest */ = {isa = PBXFileReference; explicitFileType = wrapper.cfbundle; includeInIndex = 0; path = Udder2Tests.xctest; sourceTree = BUILT_PRODUCTS_DIR; };
		EF92772B251D3AC7009484B7 /* Udder2Tests.swift */ = {isa = PBXFileReference; lastKnownFileType = sourcecode.swift; path = Udder2Tests.swift; sourceTree = "<group>"; };
		EF92772D251D3AC7009484B7 /* Info.plist */ = {isa = PBXFileReference; lastKnownFileType = text.plist.xml; path = Info.plist; sourceTree = "<group>"; };
		EF927732251D3AC7009484B7 /* Udder2UITests.xctest */ = {isa = PBXFileReference; explicitFileType = wrapper.cfbundle; includeInIndex = 0; path = Udder2UITests.xctest; sourceTree = BUILT_PRODUCTS_DIR; };
		EF927736251D3AC7009484B7 /* Udder2UITests.swift */ = {isa = PBXFileReference; lastKnownFileType = sourcecode.swift; path = Udder2UITests.swift; sourceTree = "<group>"; };
		EF927738251D3AC7009484B7 /* Info.plist */ = {isa = PBXFileReference; lastKnownFileType = text.plist.xml; path = Info.plist; sourceTree = "<group>"; };
/* End PBXFileReference section */

/* Begin PBXFrameworksBuildPhase section */
		EF92770E251D3AC6009484B7 /* Frameworks */ = {
			isa = PBXFrameworksBuildPhase;
			buildActionMask = 2147483647;
			files = (
			);
			runOnlyForDeploymentPostprocessing = 0;
		};
		EF927724251D3AC7009484B7 /* Frameworks */ = {
			isa = PBXFrameworksBuildPhase;
			buildActionMask = 2147483647;
			files = (
			);
			runOnlyForDeploymentPostprocessing = 0;
		};
		EF92772F251D3AC7009484B7 /* Frameworks */ = {
			isa = PBXFrameworksBuildPhase;
			buildActionMask = 2147483647;
			files = (
			);
			runOnlyForDeploymentPostprocessing = 0;
		};
/* End PBXFrameworksBuildPhase section */

/* Begin PBXGroup section */
		EF927708251D3AC6009484B7 = {
			isa = PBXGroup;
			children = (
				EF927713251D3AC6009484B7 /* Udder2 */,
				EF92772A251D3AC7009484B7 /* Udder2Tests */,
				EF927735251D3AC7009484B7 /* Udder2UITests */,
				EF927712251D3AC6009484B7 /* Products */,
			);
			sourceTree = "<group>";
		};
		EF927712251D3AC6009484B7 /* Products */ = {
			isa = PBXGroup;
			children = (
				EF927711251D3AC6009484B7 /* Udder2.app */,
				EF927727251D3AC7009484B7 /* Udder2Tests.xctest */,
				EF927732251D3AC7009484B7 /* Udder2UITests.xctest */,
			);
			name = Products;
			sourceTree = "<group>";
		};
		EF927713251D3AC6009484B7 /* Udder2 */ = {
			isa = PBXGroup;
			children = (
				EF927714251D3AC6009484B7 /* AppDelegate.swift */,
				EF927716251D3AC6009484B7 /* SceneDelegate.swift */,
				EF927718251D3AC6009484B7 /* ViewController.swift */,
				EF92771A251D3AC6009484B7 /* Main.storyboard */,
				EF92771D251D3AC7009484B7 /* Assets.xcassets */,
				EF92771F251D3AC7009484B7 /* LaunchScreen.storyboard */,
				EF927722251D3AC7009484B7 /* Info.plist */,
			);
			path = Udder2;
			sourceTree = "<group>";
		};
		EF92772A251D3AC7009484B7 /* Udder2Tests */ = {
			isa = PBXGroup;
			children = (
				EF92772B251D3AC7009484B7 /* Udder2Tests.swift */,
				EF92772D251D3AC7009484B7 /* Info.plist */,
			);
			path = Udder2Tests;
			sourceTree = "<group>";
		};
		EF927735251D3AC7009484B7 /* Udder2UITests */ = {
			isa = PBXGroup;
			children = (
				EF927736251D3AC7009484B7 /* Udder2UITests.swift */,
				EF927738251D3AC7009484B7 /* Info.plist */,
			);
			path = Udder2UITests;
			sourceTree = "<group>";
		};
/* End PBXGroup section */

/* Begin PBXNativeTarget section */
		EF927710251D3AC6009484B7 /* Udder2 */ = {
			isa = PBXNativeTarget;
			buildConfigurationList = EF92773B251D3AC7009484B7 /* Build configuration list for PBXNativeTarget "Udder2" */;
			buildPhases = (
				EF92770D251D3AC6009484B7 /* Sources */,
				EF92770E251D3AC6009484B7 /* Frameworks */,
				EF92770F251D3AC6009484B7 /* Resources */,
			);
			buildRules = (
			);
			dependencies = (
			);
			name = Udder2;
			productName = Udder2;
			productReference = EF927711251D3AC6009484B7 /* Udder2.app */;
			productType = "com.apple.product-type.application";
		};
		EF927726251D3AC7009484B7 /* Udder2Tests */ = {
			isa = PBXNativeTarget;
			buildConfigurationList = EF92773E251D3AC7009484B7 /* Build configuration list for PBXNativeTarget "Udder2Tests" */;
			buildPhases = (
				EF927723251D3AC7009484B7 /* Sources */,
				EF927724251D3AC7009484B7 /* Frameworks */,
				EF927725251D3AC7009484B7 /* Resources */,
			);
			buildRules = (
			);
			dependencies = (
				EF927729251D3AC7009484B7 /* PBXTargetDependency */,
			);
			name = Udder2Tests;
			productName = Udder2Tests;
			productReference = EF927727251D3AC7009484B7 /* Udder2Tests.xctest */;
			productType = "com.apple.product-type.bundle.unit-test";
		};
		EF927731251D3AC7009484B7 /* Udder2UITests */ = {
			isa = PBXNativeTarget;
			buildConfigurationList = EF927741251D3AC7009484B7 /* Build configuration list for PBXNativeTarget "Udder2UITests" */;
			buildPhases = (
				EF92772E251D3AC7009484B7 /* Sources */,
				EF92772F251D3AC7009484B7 /* Frameworks */,
				EF927730251D3AC7009484B7 /* Resources */,
			);
			buildRules = (
			);
			dependencies = (
				EF927734251D3AC7009484B7 /* PBXTargetDependency */,
			);
			name = Udder2UITests;
			productName = Udder2UITests;
			productReference = EF927732251D3AC7009484B7 /* Udder2UITests.xctest */;
			productType = "com.apple.product-type.bundle.ui-testing";
		};
/* End PBXNativeTarget section */

/* Begin PBXProject section */
		EF927709251D3AC6009484B7 /* Project object */ = {
			isa = PBXProject;
			attributes = {
				LastSwiftUpdateCheck = 1200;
				LastUpgradeCheck = 1200;
				TargetAttributes = {
					EF927710251D3AC6009484B7 = {
						CreatedOnToolsVersion = 12.0;
					};
					EF927726251D3AC7009484B7 = {
						CreatedOnToolsVersion = 12.0;
						TestTargetID = EF927710251D3AC6009484B7;
					};
					EF927731251D3AC7009484B7 = {
						CreatedOnToolsVersion = 12.0;
						TestTargetID = EF927710251D3AC6009484B7;
					};
				};
			};
			buildConfigurationList = EF92770C251D3AC6009484B7 /* Build configuration list for PBXProject "Udder2" */;
			compatibilityVersion = "Xcode 9.3";
			developmentRegion = en;
			hasScannedForEncodings = 0;
			knownRegions = (
				en,
				Base,
			);
			mainGroup = EF927708251D3AC6009484B7;
			productRefGroup = EF927712251D3AC6009484B7 /* Products */;
			projectDirPath = "";
			projectRoot = "";
			targets = (
				EF927710251D3AC6009484B7 /* Udder2 */,
				EF927726251D3AC7009484B7 /* Udder2Tests */,
				EF927731251D3AC7009484B7 /* Udder2UITests */,
			);
		};
/* End PBXProject section */

/* Begin PBXResourcesBuildPhase section */
		EF92770F251D3AC6009484B7 /* Resources */ = {
			isa = PBXResourcesBuildPhase;
			buildActionMask = 2147483647;
			files = (
				EF927721251D3AC7009484B7 /* LaunchScreen.storyboard in Resources */,
				EF92771E251D3AC7009484B7 /* Assets.xcassets in Resources */,
				EF92771C251D3AC6009484B7 /* Main.storyboard in Resources */,
			);
			runOnlyForDeploymentPostprocessing = 0;
		};
		EF927725251D3AC7009484B7 /* Resources */ = {
			isa = PBXResourcesBuildPhase;
			buildActionMask = 2147483647;
			files = (
			);
			runOnlyForDeploymentPostprocessing = 0;
		};
		EF927730251D3AC7009484B7 /* Resources */ = {
			isa = PBXResourcesBuildPhase;
			buildActionMask = 2147483647;
			files = (
			);
			runOnlyForDeploymentPostprocessing = 0;
		};
/* End PBXResourcesBuildPhase section */

/* Begin PBXSourcesBuildPhase section */
		EF92770D251D3AC6009484B7 /* Sources */ = {
			isa = PBXSourcesBuildPhase;
			buildActionMask = 2147483647;
			files = (
				EF927719251D3AC6009484B7 /* ViewController.swift in Sources */,
				EF927715251D3AC6009484B7 /* AppDelegate.swift in Sources */,
				EF927717251D3AC6009484B7 /* SceneDelegate.swift in Sources */,
			);
			runOnlyForDeploymentPostprocessing = 0;
		};
		EF927723251D3AC7009484B7 /* Sources */ = {
			isa = PBXSourcesBuildPhase;
			buildActionMask = 2147483647;
			files = (
				EF92772C251D3AC7009484B7 /* Udder2Tests.swift in Sources */,
			);
			runOnlyForDeploymentPostprocessing = 0;
		};
		EF92772E251D3AC7009484B7 /* Sources */ = {
			isa = PBXSourcesBuildPhase;
			buildActionMask = 2147483647;
			files = (
				EF927737251D3AC7009484B7 /* Udder2UITests.swift in Sources */,
			);
			runOnlyForDeploymentPostprocessing = 0;
		};
/* End PBXSourcesBuildPhase section */

/* Begin PBXTargetDependency section */
		EF927729251D3AC7009484B7 /* PBXTargetDependency */ = {
			isa = PBXTargetDependency;
			target = EF927710251D3AC6009484B7 /* Udder2 */;
			targetProxy = EF927728251D3AC7009484B7 /* PBXContainerItemProxy */;
		};
		EF927734251D3AC7009484B7 /* PBXTargetDependency */ = {
			isa = PBXTargetDependency;
			target = EF927710251D3AC6009484B7 /* Udder2 */;
			targetProxy = EF927733251D3AC7009484B7 /* PBXContainerItemProxy */;
		};
/* End PBXTargetDependency section */

/* Begin PBXVariantGroup section */
		EF92771A251D3AC6009484B7 /* Main.storyboard */ = {
			isa = PBXVariantGroup;
			children = (
				EF92771B251D3AC6009484B7 /* Base */,
			);
			name = Main.storyboard;
			sourceTree = "<group>";
		};
		EF92771F251D3AC7009484B7 /* LaunchScreen.storyboard */ = {
			isa = PBXVariantGroup;
			children = (
				EF927720251D3AC7009484B7 /* Base */,
			);
			name = LaunchScreen.storyboard;
			sourceTree = "<group>";
		};
/* End PBXVariantGroup section */

/* Begin XCBuildConfiguration section */
		EF927739251D3AC7009484B7 /* Debug */ = {
			isa = XCBuildConfiguration;
			buildSettings = {
				ALWAYS_SEARCH_USER_PATHS = NO;
				CLANG_ANALYZER_NONNULL = YES;
				CLANG_ANALYZER_NUMBER_OBJECT_CONVERSION = YES_AGGRESSIVE;
				CLANG_CXX_LANGUAGE_STANDARD = "gnu++14";
				CLANG_CXX_LIBRARY = "libc++";
				CLANG_ENABLE_MODULES = YES;
				CLANG_ENABLE_OBJC_ARC = YES;
				CLANG_ENABLE_OBJC_WEAK = YES;
				CLANG_WARN_BLOCK_CAPTURE_AUTORELEASING = YES;
				CLANG_WARN_BOOL_CONVERSION = YES;
				CLANG_WARN_COMMA = YES;
				CLANG_WARN_CONSTANT_CONVERSION = YES;
				CLANG_WARN_DEPRECATED_OBJC_IMPLEMENTATIONS = YES;
				CLANG_WARN_DIRECT_OBJC_ISA_USAGE = YES_ERROR;
				CLANG_WARN_DOCUMENTATION_COMMENTS = YES;
				CLANG_WARN_EMPTY_BODY = YES;
				CLANG_WARN_ENUM_CONVERSION = YES;
				CLANG_WARN_INFINITE_RECURSION = YES;
				CLANG_WARN_INT_CONVERSION = YES;
				CLANG_WARN_NON_LITERAL_NULL_CONVERSION = YES;
				CLANG_WARN_OBJC_IMPLICIT_RETAIN_SELF = YES;
				CLANG_WARN_OBJC_LITERAL_CONVERSION = YES;
				CLANG_WARN_OBJC_ROOT_CLASS = YES_ERROR;
				CLANG_WARN_QUOTED_INCLUDE_IN_FRAMEWORK_HEADER = YES;
				CLANG_WARN_RANGE_LOOP_ANALYSIS = YES;
				CLANG_WARN_STRICT_PROTOTYPES = YES;
				CLANG_WARN_SUSPICIOUS_MOVE = YES;
				CLANG_WARN_UNGUARDED_AVAILABILITY = YES_AGGRESSIVE;
				CLANG_WARN_UNREACHABLE_CODE = YES;
				CLANG_WARN__DUPLICATE_METHOD_MATCH = YES;
				COPY_PHASE_STRIP = NO;
				DEBUG_INFORMATION_FORMAT = dwarf;
				ENABLE_STRICT_OBJC_MSGSEND = YES;
				ENABLE_TESTABILITY = YES;
				GCC_C_LANGUAGE_STANDARD = gnu11;
				GCC_DYNAMIC_NO_PIC = NO;
				GCC_NO_COMMON_BLOCKS = YES;
				GCC_OPTIMIZATION_LEVEL = 0;
				GCC_PREPROCESSOR_DEFINITIONS = (
					"DEBUG=1",
					"$(inherited)",
				);
				GCC_WARN_64_TO_32_BIT_CONVERSION = YES;
				GCC_WARN_ABOUT_RETURN_TYPE = YES_ERROR;
				GCC_WARN_UNDECLARED_SELECTOR = YES;
				GCC_WARN_UNINITIALIZED_AUTOS = YES_AGGRESSIVE;
				GCC_WARN_UNUSED_FUNCTION = YES;
				GCC_WARN_UNUSED_VARIABLE = YES;
				IPHONEOS_DEPLOYMENT_TARGET = 14.0;
				MTL_ENABLE_DEBUG_INFO = INCLUDE_SOURCE;
				MTL_FAST_MATH = YES;
				ONLY_ACTIVE_ARCH = YES;
				SDKROOT = iphoneos;
				SWIFT_ACTIVE_COMPILATION_CONDITIONS = DEBUG;
				SWIFT_OPTIMIZATION_LEVEL = "-Onone";
			};
			name = Debug;
		};
		EF92773A251D3AC7009484B7 /* Release */ = {
			isa = XCBuildConfiguration;
			buildSettings = {
				ALWAYS_SEARCH_USER_PATHS = NO;
				CLANG_ANALYZER_NONNULL = YES;
				CLANG_ANALYZER_NUMBER_OBJECT_CONVERSION = YES_AGGRESSIVE;
				CLANG_CXX_LANGUAGE_STANDARD = "gnu++14";
				CLANG_CXX_LIBRARY = "libc++";
				CLANG_ENABLE_MODULES = YES;
				CLANG_ENABLE_OBJC_ARC = YES;
				CLANG_ENABLE_OBJC_WEAK = YES;
				CLANG_WARN_BLOCK_CAPTURE_AUTORELEASING = YES;
				CLANG_WARN_BOOL_CONVERSION = YES;
				CLANG_WARN_COMMA = YES;
				CLANG_WARN_CONSTANT_CONVERSION = YES;
				CLANG_WARN_DEPRECATED_OBJC_IMPLEMENTATIONS = YES;
				CLANG_WARN_DIRECT_OBJC_ISA_USAGE = YES_ERROR;
				CLANG_WARN_DOCUMENTATION_COMMENTS = YES;
				CLANG_WARN_EMPTY_BODY = YES;
				CLANG_WARN_ENUM_CONVERSION = YES;
				CLANG_WARN_INFINITE_RECURSION = YES;
				CLANG_WARN_INT_CONVERSION = YES;
				CLANG_WARN_NON_LITERAL_NULL_CONVERSION = YES;
				CLANG_WARN_OBJC_IMPLICIT_RETAIN_SELF = YES;
				CLANG_WARN_OBJC_LITERAL_CONVERSION = YES;
				CLANG_WARN_OBJC_ROOT_CLASS = YES_ERROR;
				CLANG_WARN_QUOTED_INCLUDE_IN_FRAMEWORK_HEADER = YES;
				CLANG_WARN_RANGE_LOOP_ANALYSIS = YES;
				CLANG_WARN_STRICT_PROTOTYPES = YES;
				CLANG_WARN_SUSPICIOUS_MOVE = YES;
				CLANG_WARN_UNGUARDED_AVAILABILITY = YES_AGGRESSIVE;
				CLANG_WARN_UNREACHABLE_CODE = YES;
				CLANG_WARN__DUPLICATE_METHOD_MATCH = YES;
				COPY_PHASE_STRIP = NO;
				DEBUG_INFORMATION_FORMAT = "dwarf-with-dsym";
				ENABLE_NS_ASSERTIONS = NO;
				ENABLE_STRICT_OBJC_MSGSEND = YES;
				GCC_C_LANGUAGE_STANDARD = gnu11;
				GCC_NO_COMMON_BLOCKS = YES;
				GCC_WARN_64_TO_32_BIT_CONVERSION = YES;
				GCC_WARN_ABOUT_RETURN_TYPE = YES_ERROR;
				GCC_WARN_UNDECLARED_SELECTOR = YES;
				GCC_WARN_UNINITIALIZED_AUTOS = YES_AGGRESSIVE;
				GCC_WARN_UNUSED_FUNCTION = YES;
				GCC_WARN_UNUSED_VARIABLE = YES;
				IPHONEOS_DEPLOYMENT_TARGET = 14.0;
				MTL_ENABLE_DEBUG_INFO = NO;
				MTL_FAST_MATH = YES;
				SDKROOT = iphoneos;
				SWIFT_COMPILATION_MODE = wholemodule;
				SWIFT_OPTIMIZATION_LEVEL = "-O";
				VALIDATE_PRODUCT = YES;
			};
			name = Release;
		};
		EF92773C251D3AC7009484B7 /* Debug */ = {
			isa = XCBuildConfiguration;
			buildSettings = {
				ASSETCATALOG_COMPILER_APPICON_NAME = AppIcon;
				ASSETCATALOG_COMPILER_GLOBAL_ACCENT_COLOR_NAME = AccentColor;
				CODE_SIGN_STYLE = Automatic;
				DEVELOPMENT_TEAM = 8RGZMUYAGM;
				INFOPLIST_FILE = Udder2/Info.plist;
				LD_RUNPATH_SEARCH_PATHS = (
					"$(inherited)",
					"@executable_path/Frameworks",
				);
				PRODUCT_BUNDLE_IDENTIFIER = co.robertflojo.Udder2;
				PRODUCT_NAME = "$(TARGET_NAME)";
				SWIFT_VERSION = 5.0;
				TARGETED_DEVICE_FAMILY = "1,2";
			};
			name = Debug;
		};
		EF92773D251D3AC7009484B7 /* Release */ = {
			isa = XCBuildConfiguration;
			buildSettings = {
				ASSETCATALOG_COMPILER_APPICON_NAME = AppIcon;
				ASSETCATALOG_COMPILER_GLOBAL_ACCENT_COLOR_NAME = AccentColor;
				CODE_SIGN_STYLE = Automatic;
				DEVELOPMENT_TEAM = 8RGZMUYAGM;
				INFOPLIST_FILE = Udder2/Info.plist;
				LD_RUNPATH_SEARCH_PATHS = (
					"$(inherited)",
					"@executable_path/Frameworks",
				);
				PRODUCT_BUNDLE_IDENTIFIER = co.robertflojo.Udder2;
				PRODUCT_NAME = "$(TARGET_NAME)";
				SWIFT_VERSION = 5.0;
				TARGETED_DEVICE_FAMILY = "1,2";
			};
			name = Release;
		};
		EF92773F251D3AC7009484B7 /* Debug */ = {
			isa = XCBuildConfiguration;
			buildSettings = {
				ALWAYS_EMBED_SWIFT_STANDARD_LIBRARIES = YES;
				BUNDLE_LOADER = "$(TEST_HOST)";
				CODE_SIGN_STYLE = Automatic;
				DEVELOPMENT_TEAM = 8RGZMUYAGM;
				INFOPLIST_FILE = Udder2Tests/Info.plist;
				IPHONEOS_DEPLOYMENT_TARGET = 14.0;
				LD_RUNPATH_SEARCH_PATHS = (
					"$(inherited)",
					"@executable_path/Frameworks",
					"@loader_path/Frameworks",
				);
				PRODUCT_BUNDLE_IDENTIFIER = co.robertflojo.Udder2Tests;
				PRODUCT_NAME = "$(TARGET_NAME)";
				SWIFT_VERSION = 5.0;
				TARGETED_DEVICE_FAMILY = "1,2";
				TEST_HOST = "$(BUILT_PRODUCTS_DIR)/Udder2.app/Udder2";
			};
			name = Debug;
		};
		EF927740251D3AC7009484B7 /* Release */ = {
			isa = XCBuildConfiguration;
			buildSettings = {
				ALWAYS_EMBED_SWIFT_STANDARD_LIBRARIES = YES;
				BUNDLE_LOADER = "$(TEST_HOST)";
				CODE_SIGN_STYLE = Automatic;
				DEVELOPMENT_TEAM = 8RGZMUYAGM;
				INFOPLIST_FILE = Udder2Tests/Info.plist;
				IPHONEOS_DEPLOYMENT_TARGET = 14.0;
				LD_RUNPATH_SEARCH_PATHS = (
					"$(inherited)",
					"@executable_path/Frameworks",
					"@loader_path/Frameworks",
				);
				PRODUCT_BUNDLE_IDENTIFIER = co.robertflojo.Udder2Tests;
				PRODUCT_NAME = "$(TARGET_NAME)";
				SWIFT_VERSION = 5.0;
				TARGETED_DEVICE_FAMILY = "1,2";
				TEST_HOST = "$(BUILT_PRODUCTS_DIR)/Udder2.app/Udder2";
			};
			name = Release;
		};
		EF927742251D3AC7009484B7 /* Debug */ = {
			isa = XCBuildConfiguration;
			buildSettings = {
				ALWAYS_EMBED_SWIFT_STANDARD_LIBRARIES = YES;
				CODE_SIGN_STYLE = Automatic;
				DEVELOPMENT_TEAM = 8RGZMUYAGM;
				INFOPLIST_FILE = Udder2UITests/Info.plist;
				LD_RUNPATH_SEARCH_PATHS = (
					"$(inherited)",
					"@executable_path/Frameworks",
					"@loader_path/Frameworks",
				);
				PRODUCT_BUNDLE_IDENTIFIER = co.robertflojo.Udder2UITests;
				PRODUCT_NAME = "$(TARGET_NAME)";
				SWIFT_VERSION = 5.0;
				TARGETED_DEVICE_FAMILY = "1,2";
				TEST_TARGET_NAME = Udder2;
			};
			name = Debug;
		};
		EF927743251D3AC7009484B7 /* Release */ = {
			isa = XCBuildConfiguration;
			buildSettings = {
				ALWAYS_EMBED_SWIFT_STANDARD_LIBRARIES = YES;
				CODE_SIGN_STYLE = Automatic;
				DEVELOPMENT_TEAM = 8RGZMUYAGM;
				INFOPLIST_FILE = Udder2UITests/Info.plist;
				LD_RUNPATH_SEARCH_PATHS = (
					"$(inherited)",
					"@executable_path/Frameworks",
					"@loader_path/Frameworks",
				);
				PRODUCT_BUNDLE_IDENTIFIER = co.robertflojo.Udder2UITests;
				PRODUCT_NAME = "$(TARGET_NAME)";
				SWIFT_VERSION = 5.0;
				TARGETED_DEVICE_FAMILY = "1,2";
				TEST_TARGET_NAME = Udder2;
			};
			name = Release;
		};
/* End XCBuildConfiguration section */

/* Begin XCConfigurationList section */
		EF92770C251D3AC6009484B7 /* Build configuration list for PBXProject "Udder2" */ = {
			isa = XCConfigurationList;
			buildConfigurations = (
				EF927739251D3AC7009484B7 /* Debug */,
				EF92773A251D3AC7009484B7 /* Release */,
			);
			defaultConfigurationIsVisible = 0;
			defaultConfigurationName = Release;
		};
		EF92773B251D3AC7009484B7 /* Build configuration list for PBXNativeTarget "Udder2" */ = {
			isa = XCConfigurationList;
			buildConfigurations = (
				EF92773C251D3AC7009484B7 /* Debug */,
				EF92773D251D3AC7009484B7 /* Release */,
			);
			defaultConfigurationIsVisible = 0;
			defaultConfigurationName = Release;
		};
		EF92773E251D3AC7009484B7 /* Build configuration list for PBXNativeTarget "Udder2Tests" */ = {
			isa = XCConfigurationList;
			buildConfigurations = (
				EF92773F251D3AC7009484B7 /* Debug */,
				EF927740251D3AC7009484B7 /* Release */,
			);
			defaultConfigurationIsVisible = 0;
			defaultConfigurationName = Release;
		};
		EF927741251D3AC7009484B7 /* Build configuration list for PBXNativeTarget "Udder2UITests" */ = {
			isa = XCConfigurationList;
			buildConfigurations = (
				EF927742251D3AC7009484B7 /* Debug */,
				EF927743251D3AC7009484B7 /* Release */,
			);
			defaultConfigurationIsVisible = 0;
			defaultConfigurationName = Release;
		};
/* End XCConfigurationList section */
	};
	rootObject = EF927709251D3AC6009484B7 /* Project object */;
}
